
Microsoft Visual Studio Solution File, Format Version 12.00
# Visual Studio Version 16
VisualStudioVersion = 16.0.29123.88
MinimumVisualStudioVersion = 10.0.40219.1
Project("{FAE04EC0-301F-11D3-BF4B-00C04F79EFBC}") = "MiAPP", "MiAPP\MiAPP.csproj", "{A692D92E-274D-4702-86E7-4F4429D4A64A}"
EndProject
Global
	GlobalSection(SolutionConfigurationPlatforms) = preSolution
		Debug|Any CPU = Debug|Any CPU
		Release|Any CPU = Release|Any CPU
	EndGlobalSection
	GlobalSection(ProjectConfigurationPlatforms) = postSolution
		{A692D92E-274D-4702-86E7-4F4429D4A64A}.Debug|Any CPU.ActiveCfg = Debug|Any CPU
		{A692D92E-274D-4702-86E7-4F4429D4A64A}.Debug|Any CPU.Build.0 = Debug|Any CPU
		{A692D92E-274D-4702-86E7-4F4429D4A64A}.Release|Any CPU.ActiveCfg = Release|Any CPU
		{A692D92E-274D-4702-86E7-4F4429D4A64A}.Release|Any CPU.Build.0 = Release|Any CPU
	EndGlobalSection
	GlobalSection(SolutionProperties) = preSolution
		HideSolutionNode = FALSE
	EndGlobalSection
	GlobalSection(ExtensibilityGlobals) = postSolution
		SolutionGuid = {3D021DD8-F1E8-4589-A9CF-65B4C78CA7CB}
	EndGlobalSection
EndGlobal
